
Microsoft Visual Studio Solution File, Format Version 12.00
# Visual Studio Version 17
VisualStudioVersion = 17.0.32126.317
MinimumVisualStudioVersion = 10.0.40219.1
Project("{9A19103F-16F7-4668-BE54-9A1E7A4F7556}") = "TextMateSharp", "src\TextMateSharp\TextMateSharp.csproj", "{664F185F-961B-496E-9159-3CC8F05DBBE5}"
EndProject
Project("{9A19103F-16F7-4668-BE54-9A1E7A4F7556}") = "TextMateSharp.Demo", "src\TextMateSharp.Demo\TextMateSharp.Demo.csproj", "{DB75EFF5-4248-4679-9C59-9533998936B3}"
EndProject
Project("{9A19103F-16F7-4668-BE54-9A1E7A4F7556}") = "TextMateSharp.Tests", "src\TextMateSharp.Tests\TextMateSharp.Tests.csproj", "{B49D3C2E-6C4E-45B3-A645-592994B7B94D}"
EndProject
Project("{9A19103F-16F7-4668-BE54-9A1E7A4F7556}") = "TextMateSharp.Grammars", "src\TextMateSharp.Grammars\TextMateSharp.Grammars.csproj", "{DDB3D93D-BFAA-4CE6-B98D-74497DDE0D62}"
EndProject
Project("{2150E333-8FDC-42A3-9474-1A3956D46DE8}") = "SolutionItems", "SolutionItems", "{FB55729C-1952-4D20-BFE7-C3202B160A0B}"
	ProjectSection(SolutionItems) = preProject
		build\Directory.Build.props = build\Directory.Build.props
		build\SourceLink.props = build\SourceLink.props
	EndProjectSection
EndProject
Project("{2150E333-8FDC-42A3-9474-1A3956D46DE8}") = "Build", "Build", "{C4A8E28E-70B0-4184-B62B-7286CB2F5756}"
	ProjectSection(SolutionItems) = preProject
		build\Directory.Build.props = build\Directory.Build.props
		build\SourceLink.props = build\SourceLink.props
	EndProjectSection
EndProject
Project("{2150E333-8FDC-42A3-9474-1A3956D46DE8}") = "Workflows", "Workflows", "{46BA508A-D22E-4F76-AD27-68AC62725952}"
	ProjectSection(SolutionItems) = preProject
		.github\workflows\dotnet.yml = .github\workflows\dotnet.yml
		.github\workflows\nuget.yml = .github\workflows\nuget.yml
	EndProjectSection
EndProject
Global
	GlobalSection(SolutionConfigurationPlatforms) = preSolution
		Debug|Any CPU = Debug|Any CPU
		Release|Any CPU = Release|Any CPU
	EndGlobalSection
	GlobalSection(ProjectConfigurationPlatforms) = postSolution
		{664F185F-961B-496E-9159-3CC8F05DBBE5}.Debug|Any CPU.ActiveCfg = Debug|Any CPU
		{664F185F-961B-496E-9159-3CC8F05DBBE5}.Debug|Any CPU.Build.0 = Debug|Any CPU
		{664F185F-961B-496E-9159-3CC8F05DBBE5}.Release|Any CPU.ActiveCfg = Release|Any CPU
		{664F185F-961B-496E-9159-3CC8F05DBBE5}.Release|Any CPU.Build.0 = Release|Any CPU
		{DB75EFF5-4248-4679-9C59-9533998936B3}.Debug|Any CPU.ActiveCfg = Debug|Any CPU
		{DB75EFF5-4248-4679-9C59-9533998936B3}.Debug|Any CPU.Build.0 = Debug|Any CPU
		{DB75EFF5-4248-4679-9C59-9533998936B3}.Release|Any CPU.ActiveCfg = Release|Any CPU
		{DB75EFF5-4248-4679-9C59-9533998936B3}.Release|Any CPU.Build.0 = Release|Any CPU
		{B49D3C2E-6C4E-45B3-A645-592994B7B94D}.Debug|Any CPU.ActiveCfg = Debug|Any CPU
		{B49D3C2E-6C4E-45B3-A645-592994B7B94D}.Debug|Any CPU.Build.0 = Debug|Any CPU
		{B49D3C2E-6C4E-45B3-A645-592994B7B94D}.Release|Any CPU.ActiveCfg = Release|Any CPU
		{B49D3C2E-6C4E-45B3-A645-592994B7B94D}.Release|Any CPU.Build.0 = Release|Any CPU
		{DDB3D93D-BFAA-4CE6-B98D-74497DDE0D62}.Debug|Any CPU.ActiveCfg = Debug|Any CPU
		{DDB3D93D-BFAA-4CE6-B98D-74497DDE0D62}.Debug|Any CPU.Build.0 = Debug|Any CPU
		{DDB3D93D-BFAA-4CE6-B98D-74497DDE0D62}.Release|Any CPU.ActiveCfg = Release|Any CPU
		{DDB3D93D-BFAA-4CE6-B98D-74497DDE0D62}.Release|Any CPU.Build.0 = Release|Any CPU
	EndGlobalSection
	GlobalSection(SolutionProperties) = preSolution
		HideSolutionNode = FALSE
	EndGlobalSection
	GlobalSection(NestedProjects) = preSolution
		{C4A8E28E-70B0-4184-B62B-7286CB2F5756} = {FB55729C-1952-4D20-BFE7-C3202B160A0B}
		{46BA508A-D22E-4F76-AD27-68AC62725952} = {FB55729C-1952-4D20-BFE7-C3202B160A0B}
	EndGlobalSection
	GlobalSection(ExtensibilityGlobals) = postSolution
		SolutionGuid = {D82FE2B4-7A75-444B-AB90-DC50F82D89A8}
	EndGlobalSection
EndGlobal
